
Microsoft Visual Studio Solution File, Format Version 12.00
# Visual Studio 15
VisualStudioVersion = 15.0.27130.2024
MinimumVisualStudioVersion = 10.0.40219.1
Project("{FAE04EC0-301F-11D3-BF4B-00C04F79EFBC}") = "TVZPitalica", "TVZPitalica\TVZPitalica.csproj", "{9EE2CDA2-DA8B-40CF-BFE5-942F4B6D632C}"
EndProject
Project("{FAE04EC0-301F-11D3-BF4B-00C04F79EFBC}") = "TVZPitalica.DAL", "TVZPitalica.DAL\TVZPitalica.DAL.csproj", "{6265ECC1-77E0-4B6F-95A0-F838FC1D66DF}"
EndProject
Global
	GlobalSection(SolutionConfigurationPlatforms) = preSolution
		Debug|Any CPU = Debug|Any CPU
		Release|Any CPU = Release|Any CPU
	EndGlobalSection
	GlobalSection(ProjectConfigurationPlatforms) = postSolution
		{9EE2CDA2-DA8B-40CF-BFE5-942F4B6D632C}.Debug|Any CPU.ActiveCfg = Debug|Any CPU
		{9EE2CDA2-DA8B-40CF-BFE5-942F4B6D632C}.Debug|Any CPU.Build.0 = Debug|Any CPU
		{9EE2CDA2-DA8B-40CF-BFE5-942F4B6D632C}.Release|Any CPU.ActiveCfg = Release|Any CPU
		{9EE2CDA2-DA8B-40CF-BFE5-942F4B6D632C}.Release|Any CPU.Build.0 = Release|Any CPU
		{6265ECC1-77E0-4B6F-95A0-F838FC1D66DF}.Debug|Any CPU.ActiveCfg = Debug|Any CPU
		{6265ECC1-77E0-4B6F-95A0-F838FC1D66DF}.Debug|Any CPU.Build.0 = Debug|Any CPU
		{6265ECC1-77E0-4B6F-95A0-F838FC1D66DF}.Release|Any CPU.ActiveCfg = Release|Any CPU
		{6265ECC1-77E0-4B6F-95A0-F838FC1D66DF}.Release|Any CPU.Build.0 = Release|Any CPU
	EndGlobalSection
	GlobalSection(SolutionProperties) = preSolution
		HideSolutionNode = FALSE
	EndGlobalSection
	GlobalSection(ExtensibilityGlobals) = postSolution
		SolutionGuid = {E2405799-DFB1-41CE-AF7A-9B8EE37C0A1B}
	EndGlobalSection
EndGlobal
